
Microsoft Visual Studio Solution File, Format Version 12.00
# Visual Studio Version 17
VisualStudioVersion = 17.2.32616.157
MinimumVisualStudioVersion = 10.0.40219.1
Project("{FAE04EC0-301F-11D3-BF4B-00C04F79EFBC}") = "Demo.Android", "Demo\Demo.Android\Demo.Android.csproj", "{29A88380-E362-4E1E-A6E4-E4FBE834847D}"
EndProject
Project("{FAE04EC0-301F-11D3-BF4B-00C04F79EFBC}") = "Demo.iOS", "Demo\Demo.iOS\Demo.iOS.csproj", "{34D9E1E1-5757-4747-BBDE-E252B09EA13A}"
EndProject
Project("{FAE04EC0-301F-11D3-BF4B-00C04F79EFBC}") = "Demo", "Demo\Demo\Demo.csproj", "{619ACF1C-2D0B-4341-9BB6-52715DCC62E7}"
EndProject
Global
	GlobalSection(SolutionConfigurationPlatforms) = preSolution
		Debug|Any CPU = Debug|Any CPU
		Debug|iPhone = Debug|iPhone
		Debug|iPhoneSimulator = Debug|iPhoneSimulator
		Release|Any CPU = Release|Any CPU
		Release|iPhone = Release|iPhone
		Release|iPhoneSimulator = Release|iPhoneSimulator
	EndGlobalSection
	GlobalSection(ProjectConfigurationPlatforms) = postSolution
		{29A88380-E362-4E1E-A6E4-E4FBE834847D}.Debug|Any CPU.ActiveCfg = Debug|Any CPU
		{29A88380-E362-4E1E-A6E4-E4FBE834847D}.Debug|Any CPU.Build.0 = Debug|Any CPU
		{29A88380-E362-4E1E-A6E4-E4FBE834847D}.Debug|Any CPU.Deploy.0 = Debug|Any CPU
		{29A88380-E362-4E1E-A6E4-E4FBE834847D}.Debug|iPhone.ActiveCfg = Debug|Any CPU
		{29A88380-E362-4E1E-A6E4-E4FBE834847D}.Debug|iPhone.Build.0 = Debug|Any CPU
		{29A88380-E362-4E1E-A6E4-E4FBE834847D}.Debug|iPhone.Deploy.0 = Debug|Any CPU
		{29A88380-E362-4E1E-A6E4-E4FBE834847D}.Debug|iPhoneSimulator.ActiveCfg = Debug|Any CPU
		{29A88380-E362-4E1E-A6E4-E4FBE834847D}.Debug|iPhoneSimulator.Build.0 = Debug|Any CPU
		{29A88380-E362-4E1E-A6E4-E4FBE834847D}.Debug|iPhoneSimulator.Deploy.0 = Debug|Any CPU
		{29A88380-E362-4E1E-A6E4-E4FBE834847D}.Release|Any CPU.ActiveCfg = Release|Any CPU
		{29A88380-E362-4E1E-A6E4-E4FBE834847D}.Release|Any CPU.Build.0 = Release|Any CPU
		{29A88380-E362-4E1E-A6E4-E4FBE834847D}.Release|Any CPU.Deploy.0 = Release|Any CPU
		{29A88380-E362-4E1E-A6E4-E4FBE834847D}.Release|iPhone.ActiveCfg = Release|Any CPU
		{29A88380-E362-4E1E-A6E4-E4FBE834847D}.Release|iPhone.Build.0 = Release|Any CPU
		{29A88380-E362-4E1E-A6E4-E4FBE834847D}.Release|iPhone.Deploy.0 = Release|Any CPU
		{29A88380-E362-4E1E-A6E4-E4FBE834847D}.Release|iPhoneSimulator.ActiveCfg = Release|Any CPU
		{29A88380-E362-4E1E-A6E4-E4FBE834847D}.Release|iPhoneSimulator.Build.0 = Release|Any CPU
		{29A88380-E362-4E1E-A6E4-E4FBE834847D}.Release|iPhoneSimulator.Deploy.0 = Release|Any CPU
		{34D9E1E1-5757-4747-BBDE-E252B09EA13A}.Debug|Any CPU.ActiveCfg = Debug|iPhone
		{34D9E1E1-5757-4747-BBDE-E252B09EA13A}.Debug|Any CPU.Build.0 = Debug|iPhone
		{34D9E1E1-5757-4747-BBDE-E252B09EA13A}.Debug|Any CPU.Deploy.0 = Debug|iPhone
		{34D9E1E1-5757-4747-BBDE-E252B09EA13A}.Debug|iPhone.ActiveCfg = Debug|iPhone
		{34D9E1E1-5757-4747-BBDE-E252B09EA13A}.Debug|iPhone.Build.0 = Debug|iPhone
		{34D9E1E1-5757-4747-BBDE-E252B09EA13A}.Debug|iPhone.Deploy.0 = Debug|iPhone
		{34D9E1E1-5757-4747-BBDE-E252B09EA13A}.Debug|iPhoneSimulator.ActiveCfg = Debug|iPhoneSimulator
		{34D9E1E1-5757-4747-BBDE-E252B09EA13A}.Debug|iPhoneSimulator.Build.0 = Debug|iPhoneSimulator
		{34D9E1E1-5757-4747-BBDE-E252B09EA13A}.Debug|iPhoneSimulator.Deploy.0 = Debug|iPhoneSimulator
		{34D9E1E1-5757-4747-BBDE-E252B09EA13A}.Release|Any CPU.ActiveCfg = Release|iPhoneSimulator
		{34D9E1E1-5757-4747-BBDE-E252B09EA13A}.Release|Any CPU.Build.0 = Release|iPhoneSimulator
		{34D9E1E1-5757-4747-BBDE-E252B09EA13A}.Release|Any CPU.Deploy.0 = Release|iPhoneSimulator
		{34D9E1E1-5757-4747-BBDE-E252B09EA13A}.Release|iPhone.ActiveCfg = Release|iPhone
		{34D9E1E1-5757-4747-BBDE-E252B09EA13A}.Release|iPhone.Build.0 = Release|iPhone
		{34D9E1E1-5757-4747-BBDE-E252B09EA13A}.Release|iPhone.Deploy.0 = Release|iPhone
		{34D9E1E1-5757-4747-BBDE-E252B09EA13A}.Release|iPhoneSimulator.ActiveCfg = Release|iPhoneSimulator
		{34D9E1E1-5757-4747-BBDE-E252B09EA13A}.Release|iPhoneSimulator.Build.0 = Release|iPhoneSimulator
		{34D9E1E1-5757-4747-BBDE-E252B09EA13A}.Release|iPhoneSimulator.Deploy.0 = Release|iPhoneSimulator
		{619ACF1C-2D0B-4341-9BB6-52715DCC62E7}.Debug|Any CPU.ActiveCfg = Debug|Any CPU
		{619ACF1C-2D0B-4341-9BB6-52715DCC62E7}.Debug|Any CPU.Build.0 = Debug|Any CPU
		{619ACF1C-2D0B-4341-9BB6-52715DCC62E7}.Debug|Any CPU.Deploy.0 = Debug|Any CPU
		{619ACF1C-2D0B-4341-9BB6-52715DCC62E7}.Debug|iPhone.ActiveCfg = Debug|Any CPU
		{619ACF1C-2D0B-4341-9BB6-52715DCC62E7}.Debug|iPhone.Build.0 = Debug|Any CPU
		{619ACF1C-2D0B-4341-9BB6-52715DCC62E7}.Debug|iPhone.Deploy.0 = Debug|Any CPU
		{619ACF1C-2D0B-4341-9BB6-52715DCC62E7}.Debug|iPhoneSimulator.ActiveCfg = Debug|Any CPU
		{619ACF1C-2D0B-4341-9BB6-52715DCC62E7}.Debug|iPhoneSimulator.Build.0 = Debug|Any CPU
		{619ACF1C-2D0B-4341-9BB6-52715DCC62E7}.Debug|iPhoneSimulator.Deploy.0 = Debug|Any CPU
		{619ACF1C-2D0B-4341-9BB6-52715DCC62E7}.Release|Any CPU.ActiveCfg = Release|Any CPU
		{619ACF1C-2D0B-4341-9BB6-52715DCC62E7}.Release|Any CPU.Build.0 = Release|Any CPU
		{619ACF1C-2D0B-4341-9BB6-52715DCC62E7}.Release|Any CPU.Deploy.0 = Release|Any CPU
		{619ACF1C-2D0B-4341-9BB6-52715DCC62E7}.Release|iPhone.ActiveCfg = Release|Any CPU
		{619ACF1C-2D0B-4341-9BB6-52715DCC62E7}.Release|iPhone.Build.0 = Release|Any CPU
		{619ACF1C-2D0B-4341-9BB6-52715DCC62E7}.Release|iPhone.Deploy.0 = Release|Any CPU
		{619ACF1C-2D0B-4341-9BB6-52715DCC62E7}.Release|iPhoneSimulator.ActiveCfg = Release|Any CPU
		{619ACF1C-2D0B-4341-9BB6-52715DCC62E7}.Release|iPhoneSimulator.Build.0 = Release|Any CPU
		{619ACF1C-2D0B-4341-9BB6-52715DCC62E7}.Release|iPhoneSimulator.Deploy.0 = Release|Any CPU
	EndGlobalSection
	GlobalSection(SolutionProperties) = preSolution
		HideSolutionNode = FALSE
	EndGlobalSection
	GlobalSection(ExtensibilityGlobals) = postSolution
		SolutionGuid = {BF63E06A-B940-4A09-964B-6E7AE4B97B7F}
	EndGlobalSection
EndGlobal
